
Microsoft Visual Studio Solution File, Format Version 12.00
# Visual Studio Version 17
VisualStudioVersion = 17.8.34525.116
MinimumVisualStudioVersion = 10.0.40219.1
Project("{FAE04EC0-301F-11D3-BF4B-00C04F79EFBC}") = "orgNavn", "orgNavn\orgNavn.csproj", "{BEAE0C73-9EB4-4C02-9CFD-F76782C1FC7B}"
EndProject
Global
	GlobalSection(SolutionConfigurationPlatforms) = preSolution
		Debug|Any CPU = Debug|Any CPU
		Release|Any CPU = Release|Any CPU
	EndGlobalSection
	GlobalSection(ProjectConfigurationPlatforms) = postSolution
		{BEAE0C73-9EB4-4C02-9CFD-F76782C1FC7B}.Debug|Any CPU.ActiveCfg = Debug|Any CPU
		{BEAE0C73-9EB4-4C02-9CFD-F76782C1FC7B}.Debug|Any CPU.Build.0 = Debug|Any CPU
		{BEAE0C73-9EB4-4C02-9CFD-F76782C1FC7B}.Release|Any CPU.ActiveCfg = Release|Any CPU
		{BEAE0C73-9EB4-4C02-9CFD-F76782C1FC7B}.Release|Any CPU.Build.0 = Release|Any CPU
	EndGlobalSection
	GlobalSection(SolutionProperties) = preSolution
		HideSolutionNode = FALSE
	EndGlobalSection
	GlobalSection(ExtensibilityGlobals) = postSolution
		SolutionGuid = {F29B4161-103F-49EF-8E30-9C3BA058C176}
	EndGlobalSection
EndGlobal
